
Microsoft Visual Studio Solution File, Format Version 12.00
# Visual Studio Version 16
VisualStudioVersion = 16.0.31025.194
MinimumVisualStudioVersion = 10.0.40219.1
Project("{9A19103F-16F7-4668-BE54-9A1E7A4F7556}") = "QuizTime.Api", "QuizTime.Api\QuizTime.Api.csproj", "{DBBBC38D-67F3-4B1F-BF7A-1493E1A7C579}"
EndProject
Project("{FAE04EC0-301F-11D3-BF4B-00C04F79EFBC}") = "QuizTime.Client", "QuizTime.Client\QuizTime.Client.csproj", "{D293F02A-A3C4-445D-A9F1-6A3AE369E2B8}"
EndProject
Global
	GlobalSection(SolutionConfigurationPlatforms) = preSolution
		Debug|Any CPU = Debug|Any CPU
		Release|Any CPU = Release|Any CPU
	EndGlobalSection
	GlobalSection(ProjectConfigurationPlatforms) = postSolution
		{DBBBC38D-67F3-4B1F-BF7A-1493E1A7C579}.Debug|Any CPU.ActiveCfg = Debug|Any CPU
		{DBBBC38D-67F3-4B1F-BF7A-1493E1A7C579}.Debug|Any CPU.Build.0 = Debug|Any CPU
		{DBBBC38D-67F3-4B1F-BF7A-1493E1A7C579}.Release|Any CPU.ActiveCfg = Release|Any CPU
		{DBBBC38D-67F3-4B1F-BF7A-1493E1A7C579}.Release|Any CPU.Build.0 = Release|Any CPU
		{D293F02A-A3C4-445D-A9F1-6A3AE369E2B8}.Debug|Any CPU.ActiveCfg = Debug|Any CPU
		{D293F02A-A3C4-445D-A9F1-6A3AE369E2B8}.Debug|Any CPU.Build.0 = Debug|Any CPU
		{D293F02A-A3C4-445D-A9F1-6A3AE369E2B8}.Release|Any CPU.ActiveCfg = Release|Any CPU
		{D293F02A-A3C4-445D-A9F1-6A3AE369E2B8}.Release|Any CPU.Build.0 = Release|Any CPU
	EndGlobalSection
	GlobalSection(SolutionProperties) = preSolution
		HideSolutionNode = FALSE
	EndGlobalSection
	GlobalSection(ExtensibilityGlobals) = postSolution
		SolutionGuid = {F07E7211-AD75-4CB4-AA74-19241D264C56}
	EndGlobalSection
EndGlobal
